
Microsoft Visual Studio Solution File, Format Version 12.00
# Visual Studio Version 17
VisualStudioVersion = 17.13.35825.156 d17.13
MinimumVisualStudioVersion = 10.0.40219.1
Project("{FAE04EC0-301F-11D3-BF4B-00C04F79EFBC}") = "pN8_Case", "pN8_Case.csproj", "{6529A6DE-072F-4E36-AC33-094BFE2A8681}"
EndProject
Global
	GlobalSection(SolutionConfigurationPlatforms) = preSolution
		Debug|Any CPU = Debug|Any CPU
		Release|Any CPU = Release|Any CPU
	EndGlobalSection
	GlobalSection(ProjectConfigurationPlatforms) = postSolution
		{6529A6DE-072F-4E36-AC33-094BFE2A8681}.Debug|Any CPU.ActiveCfg = Debug|Any CPU
		{6529A6DE-072F-4E36-AC33-094BFE2A8681}.Debug|Any CPU.Build.0 = Debug|Any CPU
		{6529A6DE-072F-4E36-AC33-094BFE2A8681}.Release|Any CPU.ActiveCfg = Release|Any CPU
		{6529A6DE-072F-4E36-AC33-094BFE2A8681}.Release|Any CPU.Build.0 = Release|Any CPU
	EndGlobalSection
	GlobalSection(SolutionProperties) = preSolution
		HideSolutionNode = FALSE
	EndGlobalSection
	GlobalSection(ExtensibilityGlobals) = postSolution
		SolutionGuid = {463411CB-452E-4EED-8FBB-BEC6953D0BB6}
	EndGlobalSection
EndGlobal
